
Microsoft Visual Studio Solution File, Format Version 11.00
# Visual Studio 2010
Project("{FAE04EC0-301F-11D3-BF4B-00C04F79EFBC}") = "Ejercicio 4.TP3", "Ejercicio 4.TP3\Ejercicio 4.TP3.csproj", "{DCBF941E-803F-4293-978D-51D6ED549EE1}"
EndProject
Global
	GlobalSection(SolutionConfigurationPlatforms) = preSolution
		Debug|x86 = Debug|x86
		Release|x86 = Release|x86
	EndGlobalSection
	GlobalSection(ProjectConfigurationPlatforms) = postSolution
		{DCBF941E-803F-4293-978D-51D6ED549EE1}.Debug|x86.ActiveCfg = Debug|x86
		{DCBF941E-803F-4293-978D-51D6ED549EE1}.Debug|x86.Build.0 = Debug|x86
		{DCBF941E-803F-4293-978D-51D6ED549EE1}.Release|x86.ActiveCfg = Release|x86
		{DCBF941E-803F-4293-978D-51D6ED549EE1}.Release|x86.Build.0 = Release|x86
	EndGlobalSection
	GlobalSection(SolutionProperties) = preSolution
		HideSolutionNode = FALSE
	EndGlobalSection
EndGlobal
